
Microsoft Visual Studio Solution File, Format Version 12.00
# Visual Studio Version 16
VisualStudioVersion = 16.0.31205.134
MinimumVisualStudioVersion = 10.0.40219.1
Project("{FAE04EC0-301F-11D3-BF4B-00C04F79EFBC}") = "MVC_Batch_01", "MVC_Batch_01\MVC_Batch_01.csproj", "{BBA639CC-008B-428D-B3AA-60C8F6355826}"
EndProject
Global
	GlobalSection(SolutionConfigurationPlatforms) = preSolution
		Debug|Any CPU = Debug|Any CPU
		Release|Any CPU = Release|Any CPU
	EndGlobalSection
	GlobalSection(ProjectConfigurationPlatforms) = postSolution
		{BBA639CC-008B-428D-B3AA-60C8F6355826}.Debug|Any CPU.ActiveCfg = Debug|Any CPU
		{BBA639CC-008B-428D-B3AA-60C8F6355826}.Debug|Any CPU.Build.0 = Debug|Any CPU
		{BBA639CC-008B-428D-B3AA-60C8F6355826}.Release|Any CPU.ActiveCfg = Release|Any CPU
		{BBA639CC-008B-428D-B3AA-60C8F6355826}.Release|Any CPU.Build.0 = Release|Any CPU
	EndGlobalSection
	GlobalSection(SolutionProperties) = preSolution
		HideSolutionNode = FALSE
	EndGlobalSection
	GlobalSection(ExtensibilityGlobals) = postSolution
		SolutionGuid = {A891FCE9-65B5-4BC3-AB9B-F5BB58A82933}
	EndGlobalSection
EndGlobal
